
Microsoft Visual Studio Solution File, Format Version 12.00
# Visual Studio Version 17
VisualStudioVersion = 17.4.33103.184
MinimumVisualStudioVersion = 10.0.40219.1
Project("{9A19103F-16F7-4668-BE54-9A1E7A4F7556}") = "Ninja.UnitTest", "TestProject\Ninja.UnitTest.csproj", "{C9A3C4CC-59A3-475A-8C44-25681BDAEDF5}"
EndProject
Project("{FAE04EC0-301F-11D3-BF4B-00C04F79EFBC}") = "Ninja", "Ninja\Ninja.csproj", "{49CAEB8A-3899-44A9-9983-82B4B5D43E84}"
EndProject
Global
	GlobalSection(SolutionConfigurationPlatforms) = preSolution
		Debug|Any CPU = Debug|Any CPU
		Release|Any CPU = Release|Any CPU
	EndGlobalSection
	GlobalSection(ProjectConfigurationPlatforms) = postSolution
		{C9A3C4CC-59A3-475A-8C44-25681BDAEDF5}.Debug|Any CPU.ActiveCfg = Debug|Any CPU
		{C9A3C4CC-59A3-475A-8C44-25681BDAEDF5}.Debug|Any CPU.Build.0 = Debug|Any CPU
		{C9A3C4CC-59A3-475A-8C44-25681BDAEDF5}.Release|Any CPU.ActiveCfg = Release|Any CPU
		{C9A3C4CC-59A3-475A-8C44-25681BDAEDF5}.Release|Any CPU.Build.0 = Release|Any CPU
		{49CAEB8A-3899-44A9-9983-82B4B5D43E84}.Debug|Any CPU.ActiveCfg = Debug|Any CPU
		{49CAEB8A-3899-44A9-9983-82B4B5D43E84}.Debug|Any CPU.Build.0 = Debug|Any CPU
		{49CAEB8A-3899-44A9-9983-82B4B5D43E84}.Release|Any CPU.ActiveCfg = Release|Any CPU
		{49CAEB8A-3899-44A9-9983-82B4B5D43E84}.Release|Any CPU.Build.0 = Release|Any CPU
	EndGlobalSection
	GlobalSection(SolutionProperties) = preSolution
		HideSolutionNode = FALSE
	EndGlobalSection
	GlobalSection(ExtensibilityGlobals) = postSolution
		SolutionGuid = {DFEA07C5-ADE5-459E-806A-0C8E9B93C5EC}
	EndGlobalSection
EndGlobal
